
Microsoft Visual Studio Solution File, Format Version 12.00
# Visual Studio Version 16
VisualStudioVersion = 16.0.29920.165
MinimumVisualStudioVersion = 10.0.40219.1
Project("{FAE04EC0-301F-11D3-BF4B-00C04F79EFBC}") = "desktop-smm", "desktop-smm\desktop-smm.csproj", "{B038D312-427D-42FC-BBBC-78AEEBCD449C}"
EndProject
Global
	GlobalSection(SolutionConfigurationPlatforms) = preSolution
		Debug|Any CPU = Debug|Any CPU
		Release|Any CPU = Release|Any CPU
	EndGlobalSection
	GlobalSection(ProjectConfigurationPlatforms) = postSolution
		{B038D312-427D-42FC-BBBC-78AEEBCD449C}.Debug|Any CPU.ActiveCfg = Debug|Any CPU
		{B038D312-427D-42FC-BBBC-78AEEBCD449C}.Debug|Any CPU.Build.0 = Debug|Any CPU
		{B038D312-427D-42FC-BBBC-78AEEBCD449C}.Release|Any CPU.ActiveCfg = Release|Any CPU
		{B038D312-427D-42FC-BBBC-78AEEBCD449C}.Release|Any CPU.Build.0 = Release|Any CPU
	EndGlobalSection
	GlobalSection(SolutionProperties) = preSolution
		HideSolutionNode = FALSE
	EndGlobalSection
	GlobalSection(ExtensibilityGlobals) = postSolution
		SolutionGuid = {D02EF67A-35CA-44F7-BBC6-BF46D4633ECD}
	EndGlobalSection
EndGlobal
